
Microsoft Visual Studio Solution File, Format Version 12.00
# Visual Studio Version 16
VisualStudioVersion = 16.0.28803.352
MinimumVisualStudioVersion = 10.0.40219.1
Project("{8BC9CEB8-8B4A-11D0-8D11-00A0C91BC942}") = "Project1c++", "Project1c++\Project1c++.vcxproj", "{FABF3CAB-629D-4AE0-A589-1E50890DD89A}"
EndProject
Global
	GlobalSection(SolutionConfigurationPlatforms) = preSolution
		Debug|x64 = Debug|x64
		Debug|x86 = Debug|x86
		Release|x64 = Release|x64
		Release|x86 = Release|x86
	EndGlobalSection
	GlobalSection(ProjectConfigurationPlatforms) = postSolution
		{FABF3CAB-629D-4AE0-A589-1E50890DD89A}.Debug|x64.ActiveCfg = Debug|x64
		{FABF3CAB-629D-4AE0-A589-1E50890DD89A}.Debug|x64.Build.0 = Debug|x64
		{FABF3CAB-629D-4AE0-A589-1E50890DD89A}.Debug|x86.ActiveCfg = Debug|Win32
		{FABF3CAB-629D-4AE0-A589-1E50890DD89A}.Debug|x86.Build.0 = Debug|Win32
		{FABF3CAB-629D-4AE0-A589-1E50890DD89A}.Release|x64.ActiveCfg = Release|x64
		{FABF3CAB-629D-4AE0-A589-1E50890DD89A}.Release|x64.Build.0 = Release|x64
		{FABF3CAB-629D-4AE0-A589-1E50890DD89A}.Release|x86.ActiveCfg = Release|Win32
		{FABF3CAB-629D-4AE0-A589-1E50890DD89A}.Release|x86.Build.0 = Release|Win32
	EndGlobalSection
	GlobalSection(SolutionProperties) = preSolution
		HideSolutionNode = FALSE
	EndGlobalSection
	GlobalSection(ExtensibilityGlobals) = postSolution
		SolutionGuid = {73632E06-563E-4700-A8B3-B074ED1955B8}
	EndGlobalSection
EndGlobal
